lockfileVersion: '9.0'

settings:
  autoInstallPeers: true
  excludeLinksFromLockfile: false

patchedDependencies:
  overpy@9.7.9: dcef40931c8b0848b761bf24f7e297359295588b4891a4dfb7d32b5ecebaba8d

importers:

  .:
    devDependencies:
      overpy:
        specifier: ^9.7.9
        version: 9.7.9(patch_hash=dcef40931c8b0848b761bf24f7e297359295588b4891a4dfb7d32b5ecebaba8d)

packages:

  overpy@9.7.9:
    resolution: {integrity: sha512-X18KeAw7qsbNwFESVEiIDidvbVpmcYhHBCGVqO5DPvaOXMs30ZxrODVfHaWHpiskNQ2GXdJ16jblPcFho07wZw==}
    hasBin: true

snapshots:

  overpy@9.7.9(patch_hash=dcef40931c8b0848b761bf24f7e297359295588b4891a4dfb7d32b5ecebaba8d): {}
